
Microsoft Visual Studio Solution File, Format Version 12.00
# Visual Studio Version 17
VisualStudioVersion = 17.7.34221.43
MinimumVisualStudioVersion = 10.0.40219.1
Project("{FAE04EC0-301F-11D3-BF4B-00C04F79EFBC}") = "SistemaHospedagemHotel", "SistemaHospedagemHotel\SistemaHospedagemHotel.csproj", "{C948F255-801B-40C2-9A05-7F1165E4619B}"
EndProject
Global
	GlobalSection(SolutionConfigurationPlatforms) = preSolution
		Debug|Any CPU = Debug|Any CPU
		Release|Any CPU = Release|Any CPU
	EndGlobalSection
	GlobalSection(ProjectConfigurationPlatforms) = postSolution
		{C948F255-801B-40C2-9A05-7F1165E4619B}.Debug|Any CPU.ActiveCfg = Debug|Any CPU
		{C948F255-801B-40C2-9A05-7F1165E4619B}.Debug|Any CPU.Build.0 = Debug|Any CPU
		{C948F255-801B-40C2-9A05-7F1165E4619B}.Release|Any CPU.ActiveCfg = Release|Any CPU
		{C948F255-801B-40C2-9A05-7F1165E4619B}.Release|Any CPU.Build.0 = Release|Any CPU
	EndGlobalSection
	GlobalSection(SolutionProperties) = preSolution
		HideSolutionNode = FALSE
	EndGlobalSection
	GlobalSection(ExtensibilityGlobals) = postSolution
		SolutionGuid = {24E2CAE8-E872-4BBB-9E29-C5E14B4E4FF4}
	EndGlobalSection
EndGlobal
